// !$*UTF8*$!
{
	archiveVersion = 1;
	classes = {
	};
	objectVersion = 46;
	objects = {

/* Begin PBXBuildFile section */
		6D028EC11F35BD35000E0935 /* HotListViewController.m in Sources */ = {isa = PBXBuildFile; fileRef = 6D028EC01F35BD35000E0935 /* HotListViewController.m */; };
		6D028EC81F35C9D4000E0935 /* BaseNavController.m in Sources */ = {isa = PBXBuildFile; fileRef = 6D028EC71F35C9D4000E0935 /* BaseNavController.m */; };
		6D1D1EB91F4DC71A0048A5EE /* SearchModel.m in Sources */ = {isa = PBXBuildFile; fileRef = 6D1D1EB81F4DC71A0048A5EE /* SearchModel.m */; };
		6D403DCE1F41EAF500EB3DCB /* SearchHandle.m in Sources */ = {isa = PBXBuildFile; fileRef = 6D403DCD1F41EAF500EB3DCB /* SearchHandle.m */; };
		6D524B571F3B4DDF00E8C434 /* AppDelegate+AppService.m in Sources */ = {isa = PBXBuildFile; fileRef = 6D524B561F3B4DDF00E8C434 /* AppDelegate+AppService.m */; };
		6D524B5A1F3B4E1100E8C434 /* AppDelegate+ViewController.m in Sources */ = {isa = PBXBuildFile; fileRef = 6D524B591F3B4E1100E8C434 /* AppDelegate+ViewController.m */; };
		6D524B5D1F3B511F00E8C434 /* RootTabBarController.m in Sources */ = {isa = PBXBuildFile; fileRef = 6D524B5C1F3B511F00E8C434 /* RootTabBarController.m */; };
		6D55F78A1F4FD4E900FFEEED /* HummingModel.m in Sources */ = {isa = PBXBuildFile; fileRef = 6D55F7891F4FD4E900FFEEED /* HummingModel.m */; };
		6D6888B71F4F1BE20079DD3B /* SongViewController.m in Sources */ = {isa = PBXBuildFile; fileRef = 6D6888B51F4F1BE20079DD3B /* SongViewController.m */; };
		6D6888B81F4F1BE20079DD3B /* SongViewController.xib in Resources */ = {isa = PBXBuildFile; fileRef = 6D6888B61F4F1BE20079DD3B /* SongViewController.xib */; };
		6D92CCC01F52F8E700B9969E /* PlatformViewCell.m in Sources */ = {isa = PBXBuildFile; fileRef = 6D92CCBE1F52F8E700B9969E /* PlatformViewCell.m */; };
		6D92CCC11F52F8E700B9969E /* PlatformViewCell.xib in Resources */ = {isa = PBXBuildFile; fileRef = 6D92CCBF1F52F8E700B9969E /* PlatformViewCell.xib */; };
		6DA06F821F341196009086E4 /* main.m in Sources */ = {isa = PBXBuildFile; fileRef = 6DA06F811F341196009086E4 /* main.m */; };
		6DA06F851F341196009086E4 /* AppDelegate.m in Sources */ = {isa = PBXBuildFile; fileRef = 6DA06F841F341196009086E4 /* AppDelegate.m */; };
		6DA06F8D1F341196009086E4 /* Assets.xcassets in Resources */ = {isa = PBXBuildFile; fileRef = 6DA06F8C1F341196009086E4 /* Assets.xcassets */; };
		6DA06F901F341196009086E4 /* LaunchScreen.storyboard in Resources */ = {isa = PBXBuildFile; fileRef = 6DA06F8E1F341196009086E4 /* LaunchScreen.storyboard */; };
		6DA06FAC1F345499009086E4 /* BaseViewController.m in Sources */ = {isa = PBXBuildFile; fileRef = 6DA06FAA1F345499009086E4 /* BaseViewController.m */; };
		6DA06FB81F3473D0009086E4 /* HomeViewController.m in Sources */ = {isa = PBXBuildFile; fileRef = 6DA06FB71F3473D0009086E4 /* HomeViewController.m */; };
		6DA06FBB1F3473DB009086E4 /* MyViewController.m in Sources */ = {isa = PBXBuildFile; fileRef = 6DA06FBA1F3473DB009086E4 /* MyViewController.m */; };
		6DA317021F3C3BA900593A0E /* ComFunc.m in Sources */ = {isa = PBXBuildFile; fileRef = 6DA317011F3C3BA900593A0E /* ComFunc.m */; };
		6DA317061F3C3E5300593A0E /* UIColor+Addition.m in Sources */ = {isa = PBXBuildFile; fileRef = 6DA317051F3C3E5300593A0E /* UIColor+Addition.m */; };
		6DA3170E1F3C5C1000593A0E /* CircleRippleView.m in Sources */ = {isa = PBXBuildFile; fileRef = 6DA3170D1F3C5C1000593A0E /* CircleRippleView.m */; };
		6DB9AD211F4482ED0011FE33 /* SongModel.m in Sources */ = {isa = PBXBuildFile; fileRef = 6DB9AD201F4482ED0011FE33 /* SongModel.m */; };
		6DEFC7701F3DEB3200E45603 /* libACRCloud_IOS_SDK.a in Frameworks */ = {isa = PBXBuildFile; fileRef = 6DEFC76F1F3DEB3200E45603 /* libACRCloud_IOS_SDK.a */; };
		6DEFC7721F3DEBCD00E45603 /* AudioToolbox.framework in Frameworks */ = {isa = PBXBuildFile; fileRef = 6DEFC7711F3DEBCD00E45603 /* AudioToolbox.framework */; };
		6DEFC7741F3DEBD300E45603 /* AVFoundation.framework in Frameworks */ = {isa = PBXBuildFile; fileRef = 6DEFC7731F3DEBD300E45603 /* AVFoundation.framework */; };
		6DEFC7761F3DEBDA00E45603 /* Security.framework in Frameworks */ = {isa = PBXBuildFile; fileRef = 6DEFC7751F3DEBDA00E45603 /* Security.framework */; };
		6DEFC7781F3DEBE800E45603 /* libc++.tbd in Frameworks */ = {isa = PBXBuildFile; fileRef = 6DEFC7771F3DEBE800E45603 /* libc++.tbd */; };
		6DFEC5DA1F433BCE000CB1F8 /* libGumbo.a in Frameworks */ = {isa = PBXBuildFile; fileRef = 6DFEC5D51F433BCE000CB1F8 /* libGumbo.a */; };
		6DFEC5DB1F433BCE000CB1F8 /* OCGumbo.m in Sources */ = {isa = PBXBuildFile; fileRef = 6DFEC5D71F433BCE000CB1F8 /* OCGumbo.m */; };
		6DFEC5DC1F433BCE000CB1F8 /* OCGumbo+Query.m in Sources */ = {isa = PBXBuildFile; fileRef = 6DFEC5D91F433BCE000CB1F8 /* OCGumbo+Query.m */; };
		C301262EFF58C3E061D8450D /* libPods-TadpoleMusic.a in Frameworks */ = {isa = PBXBuildFile; fileRef = CE0DCFCBB95E7EBAA7B4E76B /* libPods-TadpoleMusic.a */; };
/* End PBXBuildFile section */

/* Begin PBXFileReference section */
		03A2AD41D0941161208EBF30 /* Pods-TadpoleMusic.release.xcconfig */ = {isa = PBXFileReference; includeInIndex = 1; lastKnownFileType = text.xcconfig; name = "Pods-TadpoleMusic.release.xcconfig"; path = "Pods/Target Support Files/Pods-TadpoleMusic/Pods-TadpoleMusic.release.xcconfig"; sourceTree = "<group>"; };
		6D028EBF1F35BD35000E0935 /* HotListViewController.h */ = {isa = PBXFileReference; fileEncoding = 4; lastKnownFileType = sourcecode.c.h; path = HotListViewController.h; sourceTree = "<group>"; };
		6D028EC01F35BD35000E0935 /* HotListViewController.m */ = {isa = PBXFileReference; fileEncoding = 4; lastKnownFileType = sourcecode.c.objc; path = HotListViewController.m; sourceTree = "<group>"; };
		6D028EC61F35C9D4000E0935 /* BaseNavController.h */ = {isa = PBXFileReference; fileEncoding = 4; lastKnownFileType = sourcecode.c.h; path = BaseNavController.h; sourceTree = "<group>"; };
		6D028EC71F35C9D4000E0935 /* BaseNavController.m */ = {isa = PBXFileReference; fileEncoding = 4; lastKnownFileType = sourcecode.c.objc; path = BaseNavController.m; sourceTree = "<group>"; };
		6D028EC91F35EA0B000E0935 /* DefineMacro.h */ = {isa = PBXFileReference; lastKnownFileType = sourcecode.c.h; path = DefineMacro.h; sourceTree = "<group>"; };
		6D028ECA1F35EA0B000E0935 /* DefineRequest.h */ = {isa = PBXFileReference; lastKnownFileType = sourcecode.c.h; path = DefineRequest.h; sourceTree = "<group>"; };
		6D028ECB1F35EA0B000E0935 /* DefineTheme.h */ = {isa = PBXFileReference; lastKnownFileType = sourcecode.c.h; path = DefineTheme.h; sourceTree = "<group>"; };
		6D028ECC1F35EA0B000E0935 /* Main_pch.pch */ = {isa = PBXFileReference; lastKnownFileType = sourcecode.c.h; path = Main_pch.pch; sourceTree = "<group>"; };
		6D1D1EB71F4DC71A0048A5EE /* SearchModel.h */ = {isa = PBXFileReference; fileEncoding = 4; lastKnownFileType = sourcecode.c.h; path = SearchModel.h; sourceTree = "<group>"; };
		6D1D1EB81F4DC71A0048A5EE /* SearchModel.m */ = {isa = PBXFileReference; fileEncoding = 4; lastKnownFileType = sourcecode.c.objc; path = SearchModel.m; sourceTree = "<group>"; };
		6D403DCC1F41EAF500EB3DCB /* SearchHandle.h */ = {isa = PBXFileReference; fileEncoding = 4; lastKnownFileType = sourcecode.c.h; path = SearchHandle.h; sourceTree = "<group>"; };
		6D403DCD1F41EAF500EB3DCB /* SearchHandle.m */ = {isa = PBXFileReference; fileEncoding = 4; lastKnownFileType = sourcecode.c.objc; path = SearchHandle.m; sourceTree = "<group>"; };
		6D524B531F3B4AFF00E8C434 /* Macros.h */ = {isa = PBXFileReference; fileEncoding = 4; lastKnownFileType = sourcecode.c.h; path = Macros.h; sourceTree = "<group>"; };
		6D524B551F3B4DDF00E8C434 /* AppDelegate+AppService.h */ = {isa = PBXFileReference; fileEncoding = 4; lastKnownFileType = sourcecode.c.h; path = "AppDelegate+AppService.h"; sourceTree = "<group>"; };
		6D524B561F3B4DDF00E8C434 /* AppDelegate+AppService.m */ = {isa = PBXFileReference; fileEncoding = 4; lastKnownFileType = sourcecode.c.objc; path = "AppDelegate+AppService.m"; sourceTree = "<group>"; };
		6D524B581F3B4E1100E8C434 /* AppDelegate+ViewController.h */ = {isa = PBXFileReference; fileEncoding = 4; lastKnownFileType = sourcecode.c.h; path = "AppDelegate+ViewController.h"; sourceTree = "<group>"; };
		6D524B591F3B4E1100E8C434 /* AppDelegate+ViewController.m */ = {isa = PBXFileReference; fileEncoding = 4; lastKnownFileType = sourcecode.c.objc; path = "AppDelegate+ViewController.m"; sourceTree = "<group>"; };
		6D524B5B1F3B511F00E8C434 /* RootTabBarController.h */ = {isa = PBXFileReference; fileEncoding = 4; lastKnownFileType = sourcecode.c.h; path = RootTabBarController.h; sourceTree = "<group>"; };
		6D524B5C1F3B511F00E8C434 /* RootTabBarController.m */ = {isa = PBXFileReference; fileEncoding = 4; lastKnownFileType = sourcecode.c.objc; path = RootTabBarController.m; sourceTree = "<group>"; };
		6D55F7881F4FD4E900FFEEED /* HummingModel.h */ = {isa = PBXFileReference; fileEncoding = 4; lastKnownFileType = sourcecode.c.h; path = HummingModel.h; sourceTree = "<group>"; };
		6D55F7891F4FD4E900FFEEED /* HummingModel.m */ = {isa = PBXFileReference; fileEncoding = 4; lastKnownFileType = sourcecode.c.objc; path = HummingModel.m; sourceTree = "<group>"; };
		6D6888B41F4F1BE20079DD3B /* SongViewController.h */ = {isa = PBXFileReference; fileEncoding = 4; lastKnownFileType = sourcecode.c.h; path = SongViewController.h; sourceTree = "<group>"; };
		6D6888B51F4F1BE20079DD3B /* SongViewController.m */ = {isa = PBXFileReference; fileEncoding = 4; lastKnownFileType = sourcecode.c.objc; path = SongViewController.m; sourceTree = "<group>"; };
		6D6888B61F4F1BE20079DD3B /* SongViewController.xib */ = {isa = PBXFileReference; fileEncoding = 4; lastKnownFileType = file.xib; path = SongViewController.xib; sourceTree = "<group>"; };
		6D92CCBD1F52F8E700B9969E /* PlatformViewCell.h */ = {isa = PBXFileReference; fileEncoding = 4; lastKnownFileType = sourcecode.c.h; path = PlatformViewCell.h; sourceTree = "<group>"; };
		6D92CCBE1F52F8E700B9969E /* PlatformViewCell.m */ = {isa = PBXFileReference; fileEncoding = 4; lastKnownFileType = sourcecode.c.objc; path = PlatformViewCell.m; sourceTree = "<group>"; };
		6D92CCBF1F52F8E700B9969E /* PlatformViewCell.xib */ = {isa = PBXFileReference; fileEncoding = 4; lastKnownFileType = file.xib; path = PlatformViewCell.xib; sourceTree = "<group>"; };
		6DA06F7D1F341196009086E4 /* TadpoleMusic.app */ = {isa = PBXFileReference; explicitFileType = wrapper.application; includeInIndex = 0; path = TadpoleMusic.app; sourceTree = BUILT_PRODUCTS_DIR; };
		6DA06F811F341196009086E4 /* main.m */ = {isa = PBXFileReference; lastKnownFileType = sourcecode.c.objc; path = main.m; sourceTree = "<group>"; };
		6DA06F831F341196009086E4 /* AppDelegate.h */ = {isa = PBXFileReference; lastKnownFileType = sourcecode.c.h; path = AppDelegate.h; sourceTree = "<group>"; };
		6DA06F841F341196009086E4 /* AppDelegate.m */ = {isa = PBXFileReference; lastKnownFileType = sourcecode.c.objc; path = AppDelegate.m; sourceTree = "<group>"; };
		6DA06F8C1F341196009086E4 /* Assets.xcassets */ = {isa = PBXFileReference; lastKnownFileType = folder.assetcatalog; path = Assets.xcassets; sourceTree = "<group>"; };
		6DA06F8F1F341196009086E4 /* Base */ = {isa = PBXFileReference; lastKnownFileType = file.storyboard; name = Base; path = Base.lproj/LaunchScreen.storyboard; sourceTree = "<group>"; };
		6DA06F911F341196009086E4 /* Info.plist */ = {isa = PBXFileReference; lastKnownFileType = text.plist.xml; path = Info.plist; sourceTree = "<group>"; };
		6DA06FA91F345499009086E4 /* BaseViewController.h */ = {isa = PBXFileReference; fileEncoding = 4; lastKnownFileType = sourcecode.c.h; name = BaseViewController.h; path = ../../Base/BaseViewController.h; sourceTree = "<group>"; };
		6DA06FAA1F345499009086E4 /* BaseViewController.m */ = {isa = PBXFileReference; fileEncoding = 4; lastKnownFileType = sourcecode.c.objc; name = BaseViewController.m; path = ../../Base/BaseViewController.m; sourceTree = "<group>"; };
		6DA06FB61F3473D0009086E4 /* HomeViewController.h */ = {isa = PBXFileReference; fileEncoding = 4; lastKnownFileType = sourcecode.c.h; path = HomeViewController.h; sourceTree = "<group>"; };
		6DA06FB71F3473D0009086E4 /* HomeViewController.m */ = {isa = PBXFileReference; fileEncoding = 4; lastKnownFileType = sourcecode.c.objc; path = HomeViewController.m; sourceTree = "<group>"; };
		6DA06FB91F3473DB009086E4 /* MyViewController.h */ = {isa = PBXFileReference; fileEncoding = 4; lastKnownFileType = sourcecode.c.h; path = MyViewController.h; sourceTree = "<group>"; };
		6DA06FBA1F3473DB009086E4 /* MyViewController.m */ = {isa = PBXFileReference; fileEncoding = 4; lastKnownFileType = sourcecode.c.objc; path = MyViewController.m; sourceTree = "<group>"; };
		6DA317001F3C3BA900593A0E /* ComFunc.h */ = {isa = PBXFileReference; fileEncoding = 4; lastKnownFileType = sourcecode.c.h; path = ComFunc.h; sourceTree = "<group>"; };
		6DA317011F3C3BA900593A0E /* ComFunc.m */ = {isa = PBXFileReference; fileEncoding = 4; lastKnownFileType = sourcecode.c.objc; path = ComFunc.m; sourceTree = "<group>"; };
		6DA317041F3C3E5300593A0E /* UIColor+Addition.h */ = {isa = PBXFileReference; fileEncoding = 4; lastKnownFileType = sourcecode.c.h; path = "UIColor+Addition.h"; sourceTree = "<group>"; };
		6DA317051F3C3E5300593A0E /* UIColor+Addition.m */ = {isa = PBXFileReference; fileEncoding = 4; lastKnownFileType = sourcecode.c.objc; path = "UIColor+Addition.m"; sourceTree = "<group>"; };
		6DA3170C1F3C5C1000593A0E /* CircleRippleView.h */ = {isa = PBXFileReference; fileEncoding = 4; lastKnownFileType = sourcecode.c.h; path = CircleRippleView.h; sourceTree = "<group>"; };
		6DA3170D1F3C5C1000593A0E /* CircleRippleView.m */ = {isa = PBXFileReference; fileEncoding = 4; lastKnownFileType = sourcecode.c.objc; path = CircleRippleView.m; sourceTree = "<group>"; };
		6DB9AD1F1F4482ED0011FE33 /* SongModel.h */ = {isa = PBXFileReference; fileEncoding = 4; lastKnownFileType = sourcecode.c.h; path = SongModel.h; sourceTree = "<group>"; };
		6DB9AD201F4482ED0011FE33 /* SongModel.m */ = {isa = PBXFileReference; fileEncoding = 4; lastKnownFileType = sourcecode.c.objc; path = SongModel.m; sourceTree = "<group>"; };
		6DEFC76D1F3DEB0900E45603 /* ACRCloudConfig.h */ = {isa = PBXFileReference; fileEncoding = 4; lastKnownFileType = sourcecode.c.h; path = ACRCloudConfig.h; sourceTree = "<group>"; };
		6DEFC76E1F3DEB0900E45603 /* ACRCloudRecognition.h */ = {isa = PBXFileReference; fileEncoding = 4; lastKnownFileType = sourcecode.c.h; path = ACRCloudRecognition.h; sourceTree = "<group>"; };
		6DEFC76F1F3DEB3200E45603 /* libACRCloud_IOS_SDK.a */ = {isa = PBXFileReference; lastKnownFileType = archive.ar; path = libACRCloud_IOS_SDK.a; sourceTree = "<group>"; };
		6DEFC7711F3DEBCD00E45603 /* AudioToolbox.framework */ = {isa = PBXFileReference; lastKnownFileType = wrapper.framework; name = AudioToolbox.framework; path = System/Library/Frameworks/AudioToolbox.framework; sourceTree = SDKROOT; };
		6DEFC7731F3DEBD300E45603 /* AVFoundation.framework */ = {isa = PBXFileReference; lastKnownFileType = wrapper.framework; name = AVFoundation.framework; path = System/Library/Frameworks/AVFoundation.framework; sourceTree = SDKROOT; };
		6DEFC7751F3DEBDA00E45603 /* Security.framework */ = {isa = PBXFileReference; lastKnownFileType = wrapper.framework; name = Security.framework; path = System/Library/Frameworks/Security.framework; sourceTree = SDKROOT; };
		6DEFC7771F3DEBE800E45603 /* libc++.tbd */ = {isa = PBXFileReference; lastKnownFileType = "sourcecode.text-based-dylib-definition"; name = "libc++.tbd"; path = "usr/lib/libc++.tbd"; sourceTree = SDKROOT; };
		6DFEC5D31F433BCE000CB1F8 /* gumbo.h */ = {isa = PBXFileReference; fileEncoding = 4; lastKnownFileType = sourcecode.c.h; path = gumbo.h; sourceTree = "<group>"; };
		6DFEC5D41F433BCE000CB1F8 /* tag_enum.h */ = {isa = PBXFileReference; fileEncoding = 4; lastKnownFileType = sourcecode.c.h; path = tag_enum.h; sourceTree = "<group>"; };
		6DFEC5D51F433BCE000CB1F8 /* libGumbo.a */ = {isa = PBXFileReference; lastKnownFileType = archive.ar; path = libGumbo.a; sourceTree = "<group>"; };
		6DFEC5D61F433BCE000CB1F8 /* OCGumbo.h */ = {isa = PBXFileReference; fileEncoding = 4; lastKnownFileType = sourcecode.c.h; path = OCGumbo.h; sourceTree = "<group>"; };
		6DFEC5D71F433BCE000CB1F8 /* OCGumbo.m */ = {isa = PBXFileReference; fileEncoding = 4; lastKnownFileType = sourcecode.c.objc; path = OCGumbo.m; sourceTree = "<group>"; };
		6DFEC5D81F433BCE000CB1F8 /* OCGumbo+Query.h */ = {isa = PBXFileReference; fileEncoding = 4; lastKnownFileType = sourcecode.c.h; path = "OCGumbo+Query.h"; sourceTree = "<group>"; };
		6DFEC5D91F433BCE000CB1F8 /* OCGumbo+Query.m */ = {isa = PBXFileReference; fileEncoding = 4; lastKnownFileType = sourcecode.c.objc; path = "OCGumbo+Query.m"; sourceTree = "<group>"; };
		709DFB86E9835E018CE23D66 /* Pods-TadpoleMusic.debug.xcconfig */ = {isa = PBXFileReference; includeInIndex = 1; lastKnownFileType = text.xcconfig; name = "Pods-TadpoleMusic.debug.xcconfig"; path = "Pods/Target Support Files/Pods-TadpoleMusic/Pods-TadpoleMusic.debug.xcconfig"; sourceTree = "<group>"; };
		CE0DCFCBB95E7EBAA7B4E76B /* libPods-TadpoleMusic.a */ = {isa = PBXFileReference; explicitFileType = archive.ar; includeInIndex = 0; path = "libPods-TadpoleMusic.a"; sourceTree = BUILT_PRODUCTS_DIR; };
/* End PBXFileReference section */

/* Begin PBXFrameworksBuildPhase section */
		6DA06F7A1F341196009086E4 /* Frameworks */ = {
			isa = PBXFrameworksBuildPhase;
			buildActionMask = 2147483647;
			files = (
				6DEFC7781F3DEBE800E45603 /* libc++.tbd in Frameworks */,
				6DEFC7761F3DEBDA00E45603 /* Security.framework in Frameworks */,
				6DFEC5DA1F433BCE000CB1F8 /* libGumbo.a in Frameworks */,
				6DEFC7741F3DEBD300E45603 /* AVFoundation.framework in Frameworks */,
				6DEFC7721F3DEBCD00E45603 /* AudioToolbox.framework in Frameworks */,
				C301262EFF58C3E061D8450D /* libPods-TadpoleMusic.a in Frameworks */,
				6DEFC7701F3DEB3200E45603 /* libACRCloud_IOS_SDK.a in Frameworks */,
			);
			runOnlyForDeploymentPostprocessing = 0;
		};
/* End PBXFrameworksBuildPhase section */

/* Begin PBXGroup section */
		18FB0FCA0D806AE0014EE85E /* Pods */ = {
			isa = PBXGroup;
			children = (
				709DFB86E9835E018CE23D66 /* Pods-TadpoleMusic.debug.xcconfig */,
				03A2AD41D0941161208EBF30 /* Pods-TadpoleMusic.release.xcconfig */,
			);
			name = Pods;
			sourceTree = "<group>";
		};
		35D53089EB1E243D69AD90E5 /* Frameworks */ = {
			isa = PBXGroup;
			children = (
				6DEFC7771F3DEBE800E45603 /* libc++.tbd */,
				6DEFC7751F3DEBDA00E45603 /* Security.framework */,
				6DEFC7731F3DEBD300E45603 /* AVFoundation.framework */,
				6DEFC7711F3DEBCD00E45603 /* AudioToolbox.framework */,
				CE0DCFCBB95E7EBAA7B4E76B /* libPods-TadpoleMusic.a */,
			);
			name = Frameworks;
			sourceTree = "<group>";
		};
		6D028EBE1F35BD20000E0935 /* HotList */ = {
			isa = PBXGroup;
			children = (
				6D028EBF1F35BD35000E0935 /* HotListViewController.h */,
				6D028EC01F35BD35000E0935 /* HotListViewController.m */,
			);
			path = HotList;
			sourceTree = "<group>";
		};
		6D1D1EB61F4DC7030048A5EE /* Model */ = {
			isa = PBXGroup;
			children = (
				6D1D1EB71F4DC71A0048A5EE /* SearchModel.h */,
				6D1D1EB81F4DC71A0048A5EE /* SearchModel.m */,
			);
			name = Model;
			sourceTree = "<group>";
		};
		6D403DCB1F41EAC100EB3DCB /* SearchHandle */ = {
			isa = PBXGroup;
			children = (
				6DFEC5D11F433BCE000CB1F8 /* gumbo */,
				6DFEC5D61F433BCE000CB1F8 /* OCGumbo.h */,
				6DFEC5D71F433BCE000CB1F8 /* OCGumbo.m */,
				6DFEC5D81F433BCE000CB1F8 /* OCGumbo+Query.h */,
				6DFEC5D91F433BCE000CB1F8 /* OCGumbo+Query.m */,
				6D403DCC1F41EAF500EB3DCB /* SearchHandle.h */,
				6D403DCD1F41EAF500EB3DCB /* SearchHandle.m */,
			);
			name = SearchHandle;
			sourceTree = "<group>";
		};
		6D4C9DEC1F3D5F3F005E77BD /* Vender */ = {
			isa = PBXGroup;
			children = (
			);
			path = Vender;
			sourceTree = "<group>";
		};
		6D524B541F3B4D3400E8C434 /* Category */ = {
			isa = PBXGroup;
			children = (
				6DA317031F3C3E1600593A0E /* Additions */,
				6DA316FA1F3C2E4F00593A0E /* AppDelegate */,
			);
			path = Category;
			sourceTree = "<group>";
		};
		6D92CCBC1F52F85900B9969E /* View */ = {
			isa = PBXGroup;
			children = (
				6D92CCBD1F52F8E700B9969E /* PlatformViewCell.h */,
				6D92CCBE1F52F8E700B9969E /* PlatformViewCell.m */,
				6D92CCBF1F52F8E700B9969E /* PlatformViewCell.xib */,
			);
			name = View;
			sourceTree = "<group>";
		};
		6DA06F741F341196009086E4 = {
			isa = PBXGroup;
			children = (
				6DA06F7F1F341196009086E4 /* TadpoleMusic */,
				6DA06F7E1F341196009086E4 /* Products */,
				18FB0FCA0D806AE0014EE85E /* Pods */,
				35D53089EB1E243D69AD90E5 /* Frameworks */,
			);
			sourceTree = "<group>";
		};
		6DA06F7E1F341196009086E4 /* Products */ = {
			isa = PBXGroup;
			children = (
				6DA06F7D1F341196009086E4 /* TadpoleMusic.app */,
			);
			name = Products;
			sourceTree = "<group>";
		};
		6DA06F7F1F341196009086E4 /* TadpoleMusic */ = {
			isa = PBXGroup;
			children = (
				6DA06F9A1F3427CB009086E4 /* MainController */,
				6DA06F971F3427CB009086E4 /* Base */,
				6DA06F981F3427CB009086E4 /* Define */,
				6DA06F9C1F3427DD009086E4 /* Expand */,
				6D4C9DEC1F3D5F3F005E77BD /* Vender */,
				6DA06F831F341196009086E4 /* AppDelegate.h */,
				6DA06F841F341196009086E4 /* AppDelegate.m */,
				6DA06F8C1F341196009086E4 /* Assets.xcassets */,
				6DA06F8E1F341196009086E4 /* LaunchScreen.storyboard */,
				6DA06F911F341196009086E4 /* Info.plist */,
				6DA06F801F341196009086E4 /* Supporting Files */,
			);
			path = TadpoleMusic;
			sourceTree = "<group>";
		};
		6DA06F801F341196009086E4 /* Supporting Files */ = {
			isa = PBXGroup;
			children = (
				6DA06F811F341196009086E4 /* main.m */,
			);
			name = "Supporting Files";
			sourceTree = "<group>";
		};
		6DA06F971F3427CB009086E4 /* Base */ = {
			isa = PBXGroup;
			children = (
				6D028EC61F35C9D4000E0935 /* BaseNavController.h */,
				6D028EC71F35C9D4000E0935 /* BaseNavController.m */,
				6D524B5B1F3B511F00E8C434 /* RootTabBarController.h */,
				6D524B5C1F3B511F00E8C434 /* RootTabBarController.m */,
			);
			path = Base;
			sourceTree = "<group>";
		};
		6DA06F981F3427CB009086E4 /* Define */ = {
			isa = PBXGroup;
			children = (
				6D028EC91F35EA0B000E0935 /* DefineMacro.h */,
				6D028ECA1F35EA0B000E0935 /* DefineRequest.h */,
				6D028ECB1F35EA0B000E0935 /* DefineTheme.h */,
				6D028ECC1F35EA0B000E0935 /* Main_pch.pch */,
				6D524B531F3B4AFF00E8C434 /* Macros.h */,
			);
			path = Define;
			sourceTree = "<group>";
		};
		6DA06F9A1F3427CB009086E4 /* MainController */ = {
			isa = PBXGroup;
			children = (
				6DFEC5CD1F429BF1000CB1F8 /* SearchMusic */,
				6DA06FB41F3473BC009086E4 /* Home */,
				6DA06FB51F3473BC009086E4 /* My */,
				6D028EBE1F35BD20000E0935 /* HotList */,
				6DA06FA31F34545F009086E4 /* Base */,
			);
			path = MainController;
			sourceTree = "<group>";
		};
		6DA06F9C1F3427DD009086E4 /* Expand */ = {
			isa = PBXGroup;
			children = (
				6D524B541F3B4D3400E8C434 /* Category */,
				6DA06FB01F3461C2009086E4 /* Tools */,
			);
			path = Expand;
			sourceTree = "<group>";
		};
		6DA06FA31F34545F009086E4 /* Base */ = {
			isa = PBXGroup;
			children = (
				6DA06FA91F345499009086E4 /* BaseViewController.h */,
				6DA06FAA1F345499009086E4 /* BaseViewController.m */,
			);
			path = Base;
			sourceTree = "<group>";
		};
		6DA06FB01F3461C2009086E4 /* Tools */ = {
			isa = PBXGroup;
			children = (
				6D403DCB1F41EAC100EB3DCB /* SearchHandle */,
				6DEFC76C1F3DEAD300E45603 /* ACRCloud */,
				6DA3170B1F3C5BE200593A0E /* CircleRipple */,
				6DA316FF1F3C3B4100593A0E /* CommonMethods */,
			);
			path = Tools;
			sourceTree = "<group>";
		};
		6DA06FB41F3473BC009086E4 /* Home */ = {
			isa = PBXGroup;
			children = (
				6DB9AD1E1F4482CD0011FE33 /* Model */,
				6DA06FB61F3473D0009086E4 /* HomeViewController.h */,
				6DA06FB71F3473D0009086E4 /* HomeViewController.m */,
			);
			path = Home;
			sourceTree = "<group>";
		};
		6DA06FB51F3473BC009086E4 /* My */ = {
			isa = PBXGroup;
			children = (
				6DA06FB91F3473DB009086E4 /* MyViewController.h */,
				6DA06FBA1F3473DB009086E4 /* MyViewController.m */,
			);
			path = My;
			sourceTree = "<group>";
		};
		6DA316FA1F3C2E4F00593A0E /* AppDelegate */ = {
			isa = PBXGroup;
			children = (
				6D524B551F3B4DDF00E8C434 /* AppDelegate+AppService.h */,
				6D524B561F3B4DDF00E8C434 /* AppDelegate+AppService.m */,
				6D524B581F3B4E1100E8C434 /* AppDelegate+ViewController.h */,
				6D524B591F3B4E1100E8C434 /* AppDelegate+ViewController.m */,
			);
			name = AppDelegate;
			sourceTree = "<group>";
		};
		6DA316FF1F3C3B4100593A0E /* CommonMethods */ = {
			isa = PBXGroup;
			children = (
				6DA317001F3C3BA900593A0E /* ComFunc.h */,
				6DA317011F3C3BA900593A0E /* ComFunc.m */,
			);
			name = CommonMethods;
			sourceTree = "<group>";
		};
		6DA317031F3C3E1600593A0E /* Additions */ = {
			isa = PBXGroup;
			children = (
				6DA317041F3C3E5300593A0E /* UIColor+Addition.h */,
				6DA317051F3C3E5300593A0E /* UIColor+Addition.m */,
			);
			name = Additions;
			sourceTree = "<group>";
		};
		6DA3170B1F3C5BE200593A0E /* CircleRipple */ = {
			isa = PBXGroup;
			children = (
				6DA3170C1F3C5C1000593A0E /* CircleRippleView.h */,
				6DA3170D1F3C5C1000593A0E /* CircleRippleView.m */,
			);
			name = CircleRipple;
			sourceTree = "<group>";
		};
		6DB9AD1E1F4482CD0011FE33 /* Model */ = {
			isa = PBXGroup;
			children = (
				6DB9AD1F1F4482ED0011FE33 /* SongModel.h */,
				6DB9AD201F4482ED0011FE33 /* SongModel.m */,
				6D55F7881F4FD4E900FFEEED /* HummingModel.h */,
				6D55F7891F4FD4E900FFEEED /* HummingModel.m */,
			);
			name = Model;
			sourceTree = "<group>";
		};
		6DEFC76C1F3DEAD300E45603 /* ACRCloud */ = {
			isa = PBXGroup;
			children = (
				6DEFC76F1F3DEB3200E45603 /* libACRCloud_IOS_SDK.a */,
				6DEFC76D1F3DEB0900E45603 /* ACRCloudConfig.h */,
				6DEFC76E1F3DEB0900E45603 /* ACRCloudRecognition.h */,
			);
			name = ACRCloud;
			sourceTree = "<group>";
		};
		6DFEC5CD1F429BF1000CB1F8 /* SearchMusic */ = {
			isa = PBXGroup;
			children = (
				6D92CCBC1F52F85900B9969E /* View */,
				6D1D1EB61F4DC7030048A5EE /* Model */,
				6D6888B41F4F1BE20079DD3B /* SongViewController.h */,
				6D6888B51F4F1BE20079DD3B /* SongViewController.m */,
				6D6888B61F4F1BE20079DD3B /* SongViewController.xib */,
			);
			path = SearchMusic;
			sourceTree = "<group>";
		};
		6DFEC5D11F433BCE000CB1F8 /* gumbo */ = {
			isa = PBXGroup;
			children = (
				6DFEC5D21F433BCE000CB1F8 /* include */,
				6DFEC5D51F433BCE000CB1F8 /* libGumbo.a */,
			);
			path = gumbo;
			sourceTree = "<group>";
		};
		6DFEC5D21F433BCE000CB1F8 /* include */ = {
			isa = PBXGroup;
			children = (
				6DFEC5D31F433BCE000CB1F8 /* gumbo.h */,
				6DFEC5D41F433BCE000CB1F8 /* tag_enum.h */,
			);
			path = include;
			sourceTree = "<group>";
		};
/* End PBXGroup section */

/* Begin PBXNativeTarget section */
		6DA06F7C1F341196009086E4 /* TadpoleMusic */ = {
			isa = PBXNativeTarget;
			buildConfigurationList = 6DA06F941F341196009086E4 /* Build configuration list for PBXNativeTarget "TadpoleMusic" */;
			buildPhases = (
				02B6729739489F2E5440A929 /* [CP] Check Pods Manifest.lock */,
				6DA06F791F341196009086E4 /* Sources */,
				6DA06F7A1F341196009086E4 /* Frameworks */,
				6DA06F7B1F341196009086E4 /* Resources */,
				6F2D4498AB411A6B502E3934 /* [CP] Embed Pods Frameworks */,
				E08E038EAF9DED89A1BA05FE /* [CP] Copy Pods Resources */,
			);
			buildRules = (
			);
			dependencies = (
			);
			name = TadpoleMusic;
			productName = TadpoleMusic;
			productReference = 6DA06F7D1F341196009086E4 /* TadpoleMusic.app */;
			productType = "com.apple.product-type.application";
		};
/* End PBXNativeTarget section */

/* Begin PBXProject section */
		6DA06F751F341196009086E4 /* Project object */ = {
			isa = PBXProject;
			attributes = {
				LastUpgradeCheck = 0830;
				ORGANIZATIONNAME = zhangzb;
				TargetAttributes = {
					6DA06F7C1F341196009086E4 = {
						CreatedOnToolsVersion = 8.3.3;
						DevelopmentTeam = Y5WX43KK4M;
						ProvisioningStyle = Automatic;
					};
				};
			};
			buildConfigurationList = 6DA06F781F341196009086E4 /* Build configuration list for PBXProject "TadpoleMusic" */;
			compatibilityVersion = "Xcode 3.2";
			developmentRegion = English;
			hasScannedForEncodings = 0;
			knownRegions = (
				en,
				Base,
			);
			mainGroup = 6DA06F741F341196009086E4;
			productRefGroup = 6DA06F7E1F341196009086E4 /* Products */;
			projectDirPath = "";
			projectRoot = "";
			targets = (
				6DA06F7C1F341196009086E4 /* TadpoleMusic */,
			);
		};
/* End PBXProject section */

/* Begin PBXResourcesBuildPhase section */
		6DA06F7B1F341196009086E4 /* Resources */ = {
			isa = PBXResourcesBuildPhase;
			buildActionMask = 2147483647;
			files = (
				6D6888B81F4F1BE20079DD3B /* SongViewController.xib in Resources */,
				6D92CCC11F52F8E700B9969E /* PlatformViewCell.xib in Resources */,
				6DA06F901F341196009086E4 /* LaunchScreen.storyboard in Resources */,
				6DA06F8D1F341196009086E4 /* Assets.xcassets in Resources */,
			);
			runOnlyForDeploymentPostprocessing = 0;
		};
/* End PBXResourcesBuildPhase section */

/* Begin PBXShellScriptBuildPhase section */
		02B6729739489F2E5440A929 /* [CP] Check Pods Manifest.lock */ = {
			isa = PBXShellScriptBuildPhase;
			buildActionMask = 2147483647;
			files = (
			);
			inputPaths = (
			);
			name = "[CP] Check Pods Manifest.lock";
			outputPaths = (
			);
			runOnlyForDeploymentPostprocessing = 0;
			shellPath = /bin/sh;
			shellScript = "diff \"${PODS_ROOT}/../Podfile.lock\" \"${PODS_ROOT}/Manifest.lock\" > /dev/null\nif [ $? != 0 ] ; then\n    # print error to STDERR\n    echo \"error: The sandbox is not in sync with the Podfile.lock. Run 'pod install' or update your CocoaPods installation.\" >&2\n    exit 1\nfi\n";
			showEnvVarsInLog = 0;
		};
		6F2D4498AB411A6B502E3934 /* [CP] Embed Pods Frameworks */ = {
			isa = PBXShellScriptBuildPhase;
			buildActionMask = 2147483647;
			files = (
			);
			inputPaths = (
			);
			name = "[CP] Embed Pods Frameworks";
			outputPaths = (
			);
			runOnlyForDeploymentPostprocessing = 0;
			shellPath = /bin/sh;
			shellScript = "\"${SRCROOT}/Pods/Target Support Files/Pods-TadpoleMusic/Pods-TadpoleMusic-frameworks.sh\"\n";
			showEnvVarsInLog = 0;
		};
		E08E038EAF9DED89A1BA05FE /* [CP] Copy Pods Resources */ = {
			isa = PBXShellScriptBuildPhase;
			buildActionMask = 2147483647;
			files = (
			);
			inputPaths = (
			);
			name = "[CP] Copy Pods Resources";
			outputPaths = (
			);
			runOnlyForDeploymentPostprocessing = 0;
			shellPath = /bin/sh;
			shellScript = "\"${SRCROOT}/Pods/Target Support Files/Pods-TadpoleMusic/Pods-TadpoleMusic-resources.sh\"\n";
			showEnvVarsInLog = 0;
		};
/* End PBXShellScriptBuildPhase section */

/* Begin PBXSourcesBuildPhase section */
		6DA06F791F341196009086E4 /* Sources */ = {
			isa = PBXSourcesBuildPhase;
			buildActionMask = 2147483647;
			files = (
				6DFEC5DB1F433BCE000CB1F8 /* OCGumbo.m in Sources */,
				6D028EC11F35BD35000E0935 /* HotListViewController.m in Sources */,
				6DA06F851F341196009086E4 /* AppDelegate.m in Sources */,
				6DA06FAC1F345499009086E4 /* BaseViewController.m in Sources */,
				6DB9AD211F4482ED0011FE33 /* SongModel.m in Sources */,
				6DA06F821F341196009086E4 /* main.m in Sources */,
				6DA3170E1F3C5C1000593A0E /* CircleRippleView.m in Sources */,
				6D92CCC01F52F8E700B9969E /* PlatformViewCell.m in Sources */,
				6DA06FB81F3473D0009086E4 /* HomeViewController.m in Sources */,
				6D6888B71F4F1BE20079DD3B /* SongViewController.m in Sources */,
				6DFEC5DC1F433BCE000CB1F8 /* OCGumbo+Query.m in Sources */,
				6DA06FBB1F3473DB009086E4 /* MyViewController.m in Sources */,
				6DA317021F3C3BA900593A0E /* ComFunc.m in Sources */,
				6D524B5A1F3B4E1100E8C434 /* AppDelegate+ViewController.m in Sources */,
				6D524B5D1F3B511F00E8C434 /* RootTabBarController.m in Sources */,
				6D028EC81F35C9D4000E0935 /* BaseNavController.m in Sources */,
				6D403DCE1F41EAF500EB3DCB /* SearchHandle.m in Sources */,
				6DA317061F3C3E5300593A0E /* UIColor+Addition.m in Sources */,
				6D1D1EB91F4DC71A0048A5EE /* SearchModel.m in Sources */,
				6D524B571F3B4DDF00E8C434 /* AppDelegate+AppService.m in Sources */,
				6D55F78A1F4FD4E900FFEEED /* HummingModel.m in Sources */,
			);
			runOnlyForDeploymentPostprocessing = 0;
		};
/* End PBXSourcesBuildPhase section */

/* Begin PBXVariantGroup section */
		6DA06F8E1F341196009086E4 /* LaunchScreen.storyboard */ = {
			isa = PBXVariantGroup;
			children = (
				6DA06F8F1F341196009086E4 /* Base */,
			);
			name = LaunchScreen.storyboard;
			sourceTree = "<group>";
		};
/* End PBXVariantGroup section */

/* Begin XCBuildConfiguration section */
		6DA06F921F341196009086E4 /* Debug */ = {
			isa = XCBuildConfiguration;
			buildSettings = {
				ALWAYS_SEARCH_USER_PATHS = NO;
				CLANG_ANALYZER_NONNULL = YES;
				CLANG_ANALYZER_NUMBER_OBJECT_CONVERSION = YES_AGGRESSIVE;
				CLANG_CXX_LANGUAGE_STANDARD = "gnu++0x";
				CLANG_CXX_LIBRARY = "libc++";
				CLANG_ENABLE_MODULES = YES;
				CLANG_ENABLE_OBJC_ARC = YES;
				CLANG_WARN_BOOL_CONVERSION = YES;
				CLANG_WARN_CONSTANT_CONVERSION = YES;
				CLANG_WARN_DIRECT_OBJC_ISA_USAGE = YES_ERROR;
				CLANG_WARN_DOCUMENTATION_COMMENTS = YES;
				CLANG_WARN_EMPTY_BODY = YES;
				CLANG_WARN_ENUM_CONVERSION = YES;
				CLANG_WARN_INFINITE_RECURSION = YES;
				CLANG_WARN_INT_CONVERSION = YES;
				CLANG_WARN_OBJC_ROOT_CLASS = YES_ERROR;
				CLANG_WARN_SUSPICIOUS_MOVE = YES;
				CLANG_WARN_UNREACHABLE_CODE = YES;
				CLANG_WARN__DUPLICATE_METHOD_MATCH = YES;
				"CODE_SIGN_IDENTITY[sdk=iphoneos*]" = "iPhone Developer";
				COPY_PHASE_STRIP = NO;
				DEBUG_INFORMATION_FORMAT = dwarf;
				ENABLE_STRICT_OBJC_MSGSEND = YES;
				ENABLE_TESTABILITY = YES;
				GCC_C_LANGUAGE_STANDARD = gnu99;
				GCC_DYNAMIC_NO_PIC = NO;
				GCC_NO_COMMON_BLOCKS = YES;
				GCC_OPTIMIZATION_LEVEL = 0;
				GCC_PREPROCESSOR_DEFINITIONS = (
					"DEBUG=1",
					"$(inherited)",
				);
				GCC_WARN_64_TO_32_BIT_CONVERSION = YES;
				GCC_WARN_ABOUT_RETURN_TYPE = YES_ERROR;
				GCC_WARN_UNDECLARED_SELECTOR = YES;
				GCC_WARN_UNINITIALIZED_AUTOS = YES_AGGRESSIVE;
				GCC_WARN_UNUSED_FUNCTION = YES;
				GCC_WARN_UNUSED_VARIABLE = YES;
				IPHONEOS_DEPLOYMENT_TARGET = 8.0;
				MTL_ENABLE_DEBUG_INFO = YES;
				ONLY_ACTIVE_ARCH = YES;
				SDKROOT = iphoneos;
			};
			name = Debug;
		};
		6DA06F931F341196009086E4 /* Release */ = {
			isa = XCBuildConfiguration;
			buildSettings = {
				ALWAYS_SEARCH_USER_PATHS = NO;
				CLANG_ANALYZER_NONNULL = YES;
				CLANG_ANALYZER_NUMBER_OBJECT_CONVERSION = YES_AGGRESSIVE;
				CLANG_CXX_LANGUAGE_STANDARD = "gnu++0x";
				CLANG_CXX_LIBRARY = "libc++";
				CLANG_ENABLE_MODULES = YES;
				CLANG_ENABLE_OBJC_ARC = YES;
				CLANG_WARN_BOOL_CONVERSION = YES;
				CLANG_WARN_CONSTANT_CONVERSION = YES;
				CLANG_WARN_DIRECT_OBJC_ISA_USAGE = YES_ERROR;
				CLANG_WARN_DOCUMENTATION_COMMENTS = YES;
				CLANG_WARN_EMPTY_BODY = YES;
				CLANG_WARN_ENUM_CONVERSION = YES;
				CLANG_WARN_INFINITE_RECURSION = YES;
				CLANG_WARN_INT_CONVERSION = YES;
				CLANG_WARN_OBJC_ROOT_CLASS = YES_ERROR;
				CLANG_WARN_SUSPICIOUS_MOVE = YES;
				CLANG_WARN_UNREACHABLE_CODE = YES;
				CLANG_WARN__DUPLICATE_METHOD_MATCH = YES;
				"CODE_SIGN_IDENTITY[sdk=iphoneos*]" = "iPhone Developer";
				COPY_PHASE_STRIP = NO;
				DEBUG_INFORMATION_FORMAT = "dwarf-with-dsym";
				ENABLE_NS_ASSERTIONS = NO;
				ENABLE_STRICT_OBJC_MSGSEND = YES;
				GCC_C_LANGUAGE_STANDARD = gnu99;
				GCC_NO_COMMON_BLOCKS = YES;
				GCC_WARN_64_TO_32_BIT_CONVERSION = YES;
				GCC_WARN_ABOUT_RETURN_TYPE = YES_ERROR;
				GCC_WARN_UNDECLARED_SELECTOR = YES;
				GCC_WARN_UNINITIALIZED_AUTOS = YES_AGGRESSIVE;
				GCC_WARN_UNUSED_FUNCTION = YES;
				GCC_WARN_UNUSED_VARIABLE = YES;
				IPHONEOS_DEPLOYMENT_TARGET = 8.0;
				MTL_ENABLE_DEBUG_INFO = NO;
				SDKROOT = iphoneos;
				VALIDATE_PRODUCT = YES;
			};
			name = Release;
		};
		6DA06F951F341196009086E4 /* Debug */ = {
			isa = XCBuildConfiguration;
			baseConfigurationReference = 709DFB86E9835E018CE23D66 /* Pods-TadpoleMusic.debug.xcconfig */;
			buildSettings = {
				ASSETCATALOG_COMPILER_APPICON_NAME = AppIcon;
				DEVELOPMENT_TEAM = Y5WX43KK4M;
				GCC_PREFIX_HEADER = "${SRCROOT}/TadpoleMusic/Define/Main_pch.pch";
				INFOPLIST_FILE = TadpoleMusic/Info.plist;
				IPHONEOS_DEPLOYMENT_TARGET = 8.0;
				LD_RUNPATH_SEARCH_PATHS = "$(inherited) @executable_path/Frameworks";
				LIBRARY_SEARCH_PATHS = (
					"$(inherited)",
					"$(PROJECT_DIR)/TadpoleMusic/Expand/Tools",
					"$(PROJECT_DIR)/TadpoleMusic/Expand/Tools/gumbo",
				);
				PRODUCT_BUNDLE_IDENTIFIER = com.zzb.kd.TadpoleMusic;
				PRODUCT_NAME = "$(TARGET_NAME)";
			};
			name = Debug;
		};
		6DA06F961F341196009086E4 /* Release */ = {
			isa = XCBuildConfiguration;
			baseConfigurationReference = 03A2AD41D0941161208EBF30 /* Pods-TadpoleMusic.release.xcconfig */;
			buildSettings = {
				ASSETCATALOG_COMPILER_APPICON_NAME = AppIcon;
				DEVELOPMENT_TEAM = Y5WX43KK4M;
				GCC_PREFIX_HEADER = "${SRCROOT}/TadpoleMusic/Define/Main_pch.pch";
				INFOPLIST_FILE = TadpoleMusic/Info.plist;
				IPHONEOS_DEPLOYMENT_TARGET = 8.0;
				LD_RUNPATH_SEARCH_PATHS = "$(inherited) @executable_path/Frameworks";
				LIBRARY_SEARCH_PATHS = (
					"$(inherited)",
					"$(PROJECT_DIR)/TadpoleMusic/Expand/Tools",
					"$(PROJECT_DIR)/TadpoleMusic/Expand/Tools/gumbo",
				);
				PRODUCT_BUNDLE_IDENTIFIER = com.zzb.kd.TadpoleMusic;
				PRODUCT_NAME = "$(TARGET_NAME)";
			};
			name = Release;
		};
/* End XCBuildConfiguration section */

/* Begin XCConfigurationList section */
		6DA06F781F341196009086E4 /* Build configuration list for PBXProject "TadpoleMusic" */ = {
			isa = XCConfigurationList;
			buildConfigurations = (
				6DA06F921F341196009086E4 /* Debug */,
				6DA06F931F341196009086E4 /* Release */,
			);
			defaultConfigurationIsVisible = 0;
			defaultConfigurationName = Release;
		};
		6DA06F941F341196009086E4 /* Build configuration list for PBXNativeTarget "TadpoleMusic" */ = {
			isa = XCConfigurationList;
			buildConfigurations = (
				6DA06F951F341196009086E4 /* Debug */,
				6DA06F961F341196009086E4 /* Release */,
			);
			defaultConfigurationIsVisible = 0;
			defaultConfigurationName = Release;
		};
/* End XCConfigurationList section */
	};
	rootObject = 6DA06F751F341196009086E4 /* Project object */;
}
